
Microsoft Visual Studio Solution File, Format Version 12.00
# Visual Studio Version 17
VisualStudioVersion = 17.14.36804.6
MinimumVisualStudioVersion = 10.0.40219.1
Project("{FAE04EC0-301F-11D3-BF4B-00C04F79EFBC}") = "BakeryShopManagementSystem", "BakeryShopManagementSystem.csproj", "{99A12AE5-DBF0-4FCF-9933-11E636D5059F}"
EndProject
Global
	GlobalSection(SolutionConfigurationPlatforms) = preSolution
		Debug|Any CPU = Debug|Any CPU
		Release|Any CPU = Release|Any CPU
	EndGlobalSection
	GlobalSection(ProjectConfigurationPlatforms) = postSolution
		{99A12AE5-DBF0-4FCF-9933-11E636D5059F}.Debug|Any CPU.ActiveCfg = Debug|Any CPU
		{99A12AE5-DBF0-4FCF-9933-11E636D5059F}.Debug|Any CPU.Build.0 = Debug|Any CPU
		{99A12AE5-DBF0-4FCF-9933-11E636D5059F}.Release|Any CPU.ActiveCfg = Release|Any CPU
		{99A12AE5-DBF0-4FCF-9933-11E636D5059F}.Release|Any CPU.Build.0 = Release|Any CPU
	EndGlobalSection
	GlobalSection(SolutionProperties) = preSolution
		HideSolutionNode = FALSE
	EndGlobalSection
	GlobalSection(ExtensibilityGlobals) = postSolution
		SolutionGuid = {2068F14F-ABD9-4D73-A921-01FF3EBB9827}
	EndGlobalSection
EndGlobal
